
Microsoft Visual Studio Solution File, Format Version 12.00
# Visual Studio Version 17
VisualStudioVersion = 17.0.31912.275
MinimumVisualStudioVersion = 10.0.40219.1
Project("{FAE04EC0-301F-11D3-BF4B-00C04F79EFBC}") = "HashTable-Traning", "HashTable-Traning.csproj", "{F3F5ECA4-D6C5-4C75-87A6-EB2586F69BB3}"
EndProject
Global
	GlobalSection(SolutionConfigurationPlatforms) = preSolution
		Debug|Any CPU = Debug|Any CPU
		Release|Any CPU = Release|Any CPU
	EndGlobalSection
	GlobalSection(ProjectConfigurationPlatforms) = postSolution
		{F3F5ECA4-D6C5-4C75-87A6-EB2586F69BB3}.Debug|Any CPU.ActiveCfg = Debug|Any CPU
		{F3F5ECA4-D6C5-4C75-87A6-EB2586F69BB3}.Debug|Any CPU.Build.0 = Debug|Any CPU
		{F3F5ECA4-D6C5-4C75-87A6-EB2586F69BB3}.Release|Any CPU.ActiveCfg = Release|Any CPU
		{F3F5ECA4-D6C5-4C75-87A6-EB2586F69BB3}.Release|Any CPU.Build.0 = Release|Any CPU
	EndGlobalSection
	GlobalSection(SolutionProperties) = preSolution
		HideSolutionNode = FALSE
	EndGlobalSection
	GlobalSection(ExtensibilityGlobals) = postSolution
		SolutionGuid = {E9122787-0087-4526-AB48-A92E65FD4D4B}
	EndGlobalSection
EndGlobal
